
Microsoft Visual Studio Solution File, Format Version 12.00
# Visual Studio 14
VisualStudioVersion = 14.0.25420.1
MinimumVisualStudioVersion = 10.0.40219.1
Project("{2150E333-8FDC-42A3-9474-1A3956D46DE8}") = "src", "src", "{B35C5665-A44D-4A3F-ABFA-1AF12B79332A}"
EndProject
Project("{2150E333-8FDC-42A3-9474-1A3956D46DE8}") = "aggregate", "aggregate", "{FDFD41D6-1B01-40FD-AA9D-C32D32050B02}"
EndProject
Project("{2150E333-8FDC-42A3-9474-1A3956D46DE8}") = "common", "common", "{C9CB4FD5-C952-48BE-A259-3DFE9C73AB38}"
EndProject
Project("{2150E333-8FDC-42A3-9474-1A3956D46DE8}") = "test", "test", "{845984F5-AE96-4B83-872C-3965D417DB64}"
EndProject
Project("{2150E333-8FDC-42A3-9474-1A3956D46DE8}") = "aggregate", "aggregate", "{669CFB68-BD08-4767-BA1E-663B09E00FFA}"
EndProject
Project("{2150E333-8FDC-42A3-9474-1A3956D46DE8}") = "common", "common", "{E4DF83BF-A475-4DB8-94F4-2FECC900BBCD}"
EndProject
Project("{2150E333-8FDC-42A3-9474-1A3956D46DE8}") = "dns", "dns", "{04142AB2-0662-4F82-83D4-37F3A280B1D3}"
EndProject
Project("{2150E333-8FDC-42A3-9474-1A3956D46DE8}") = "dns", "dns", "{3FE90C8C-C3CC-4826-8426-750BD610868C}"
EndProject
Project("{2150E333-8FDC-42A3-9474-1A3956D46DE8}") = "domain_status", "domain_status", "{1B6BC33E-0ACC-43FB-92F9-E9276C58004B}"
EndProject
Project("{2150E333-8FDC-42A3-9474-1A3956D46DE8}") = "domain_status", "domain_status", "{7BCFC6C9-C926-4FF1-9638-9821909D260F}"
EndProject
Project("{2150E333-8FDC-42A3-9474-1A3956D46DE8}") = "mx", "mx", "{0B86C291-A274-479B-A4CE-642BEE893DA3}"
EndProject
Project("{2150E333-8FDC-42A3-9474-1A3956D46DE8}") = "mx", "mx", "{975641EC-651D-4037-B9FB-9FB06BBBFD0D}"
EndProject
Project("{2150E333-8FDC-42A3-9474-1A3956D46DE8}") = "metrics", "metrics", "{ED3ECDB4-9E3E-4DB5-A057-D7D024C0E867}"
EndProject
Project("{2150E333-8FDC-42A3-9474-1A3956D46DE8}") = "admin", "admin", "{3C551062-3904-49CB-8A71-D89F92CAE501}"
EndProject
Project("{2150E333-8FDC-42A3-9474-1A3956D46DE8}") = "admin", "admin", "{E77DA3EB-EB2B-4B0B-AC26-84692753CE96}"
EndProject
Project("{FAE04EC0-301F-11D3-BF4B-00C04F79EFBC}") = "Dmarc.Admin.Api", "src\Dmarc.Admin.Api\Dmarc.Admin.Api.csproj", "{7B56B19D-03FF-4591-8473-56A3F6306E5D}"
EndProject
Project("{FAE04EC0-301F-11D3-BF4B-00C04F79EFBC}") = "Dmarc.Common.Api", "src\Dmarc.Common.Api\Dmarc.Common.Api.csproj", "{581E0C84-E424-4E1A-8F75-E38E4EBF60FA}"
EndProject
Project("{FAE04EC0-301F-11D3-BF4B-00C04F79EFBC}") = "Dmarc.Common", "src\Dmarc.Common\Dmarc.Common.csproj", "{1CE48DA3-9962-4DFB-973D-14FF502304F7}"
EndProject
Project("{FAE04EC0-301F-11D3-BF4B-00C04F79EFBC}") = "Dmarc.Common.Interface", "src\Dmarc.Common.Interface\Dmarc.Common.Interface.csproj", "{6172F976-1D59-4681-8E28-F6B2CE46B514}"
EndProject
Project("{FAE04EC0-301F-11D3-BF4B-00C04F79EFBC}") = "Dmarc.Common.Messaging.Sns", "src\Dmarc.Common.Messaging.Sns\Dmarc.Common.Messaging.Sns.csproj", "{7CC2810B-F29E-4875-A8EA-FB0FF3236381}"
EndProject
Project("{FAE04EC0-301F-11D3-BF4B-00C04F79EFBC}") = "Dmarc.Common.Messaging.Sqs", "src\Dmarc.Common.Messaging.Sqs\Dmarc.Common.Messaging.Sqs.csproj", "{30F31222-97DB-450F-B5B6-4C352F011D69}"
EndProject
Project("{FAE04EC0-301F-11D3-BF4B-00C04F79EFBC}") = "Dmarc.Common.PublicSuffix", "src\Dmarc.Common.PublicSuffix\Dmarc.Common.PublicSuffix.csproj", "{CCC490B8-2AA2-4F00-AB5E-8A6A6E7F6F3D}"
EndProject
Project("{FAE04EC0-301F-11D3-BF4B-00C04F79EFBC}") = "Dmarc.Common.Report", "src\Dmarc.Common.Report\Dmarc.Common.Report.csproj", "{66BC8BFC-8CF2-47DE-A645-01458102F7D0}"
EndProject
Project("{FAE04EC0-301F-11D3-BF4B-00C04F79EFBC}") = "Dmarc.Common.Tls.BouncyCastle", "src\Dmarc.Common.Tls.BouncyCastle\Dmarc.Common.Tls.BouncyCastle.csproj", "{4CCF4DD5-97D8-4492-BE22-6AC08B65CC16}"
EndProject
Project("{FAE04EC0-301F-11D3-BF4B-00C04F79EFBC}") = "Dmarc.AggregateReport.Api", "src\Dmarc.AggregateReport.Api\Dmarc.AggregateReport.Api.csproj", "{DFA29A59-09D8-4275-B238-A651F67449E1}"
EndProject
Project("{FAE04EC0-301F-11D3-BF4B-00C04F79EFBC}") = "Dmarc.AggregateReport.Contracts", "src\Dmarc.AggregateReport.Contracts\Dmarc.AggregateReport.Contracts.csproj", "{9518754F-8EDA-401E-9DCF-7FF1EA3BC7C9}"
EndProject
Project("{FAE04EC0-301F-11D3-BF4B-00C04F79EFBC}") = "Dmarc.AggregateReport.Parser.Lambda", "src\Dmarc.AggregateReport.Parser.Lambda\Dmarc.AggregateReport.Parser.Lambda.csproj", "{504580D2-0DAD-445A-8E2B-4EA80261C066}"
EndProject
Project("{FAE04EC0-301F-11D3-BF4B-00C04F79EFBC}") = "Dmarc.DnsRecord.Contract", "src\Dmarc.DnsRecord.Contract\Dmarc.DnsRecord.Contract.csproj", "{20D70266-3972-4B8A-8EF6-0232E441D997}"
EndProject
Project("{FAE04EC0-301F-11D3-BF4B-00C04F79EFBC}") = "Dmarc.DnsRecord.Evaluator", "src\Dmarc.DnsRecord.Evaluator\Dmarc.DnsRecord.Evaluator.csproj", "{C629B1E8-1774-4355-9C10-34E9EFC1F831}"
EndProject
Project("{FAE04EC0-301F-11D3-BF4B-00C04F79EFBC}") = "Dmarc.DnsRecord.Importer.Lambda", "src\Dmarc.DnsRecord.Importer.Lambda\Dmarc.DnsRecord.Importer.Lambda.csproj", "{DA7066C9-5279-47B5-BA86-EE386A3C8525}"
EndProject
Project("{FAE04EC0-301F-11D3-BF4B-00C04F79EFBC}") = "Dmarc.DomainStatus.Api", "src\Dmarc.DomainStatus.Api\Dmarc.DomainStatus.Api.csproj", "{554CFCB8-6AB0-44DA-9A91-27FB38DA831A}"
EndProject
Project("{FAE04EC0-301F-11D3-BF4B-00C04F79EFBC}") = "Dmarc.Metrics.Api", "src\Dmarc.Metrics.Api\Dmarc.Metrics.Api.csproj", "{2F624A41-3869-40DA-9B25-534C8EFF2A86}"
EndProject
Project("{FAE04EC0-301F-11D3-BF4B-00C04F79EFBC}") = "Dmarc.MxSecurityEvaluator", "src\Dmarc.MxSecurityEvaluator\Dmarc.MxSecurityEvaluator.csproj", "{384519D0-F795-4FF9-8917-413AB91BBAEE}"
EndProject
Project("{FAE04EC0-301F-11D3-BF4B-00C04F79EFBC}") = "Dmarc.MxSecurityTester", "src\Dmarc.MxSecurityTester\Dmarc.MxSecurityTester.csproj", "{DEF4E8E3-9198-46AD-A96E-C0224691B1DE}"
EndProject
Project("{FAE04EC0-301F-11D3-BF4B-00C04F79EFBC}") = "Dmarc.MxSecurityTester.Contract", "src\Dmarc.MxSecurityTester.Contract\Dmarc.MxSecurityTester.Contract.csproj", "{33577CF4-A56F-4EE2-90D9-61978FEE4C3A}"
EndProject
Project("{FAE04EC0-301F-11D3-BF4B-00C04F79EFBC}") = "Dmarc.Admin.Api.Test", "src\Dmarc.Admin.Api.Test\Dmarc.Admin.Api.Test.csproj", "{1C47A80A-735D-4FAF-B4A2-7D0E779A0667}"
EndProject
Project("{FAE04EC0-301F-11D3-BF4B-00C04F79EFBC}") = "Dmarc.Common.TestSupport", "src\Dmarc.Common.TestSupport\Dmarc.Common.TestSupport.csproj", "{51ED6656-4F00-41DB-96DB-4CCB1D3596A4}"
EndProject
Project("{FAE04EC0-301F-11D3-BF4B-00C04F79EFBC}") = "Dmarc.AggregateReport.Api.Test", "src\Dmarc.AggregateReport.Api.Test\Dmarc.AggregateReport.Api.Test.csproj", "{B7ACBE47-643A-490A-878C-130F4883E38B}"
EndProject
Project("{FAE04EC0-301F-11D3-BF4B-00C04F79EFBC}") = "Dmarc.AggregateReport.Parser.Lambda.Test", "src\Dmarc.AggregateReport.Parser.Lambda.Test\Dmarc.AggregateReport.Parser.Lambda.Test.csproj", "{D270F277-FDF7-4353-83C9-2C5B22A67A21}"
EndProject
Project("{FAE04EC0-301F-11D3-BF4B-00C04F79EFBC}") = "Dmarc.Common.Test", "src\Dmarc.Common.Test\Dmarc.Common.Test.csproj", "{412A0ED1-5154-4717-9184-9A2E9857137E}"
EndProject
Project("{FAE04EC0-301F-11D3-BF4B-00C04F79EFBC}") = "Dmarc.Common.Report.Test", "src\Dmarc.Common.Report.Test\Dmarc.Common.Report.Test.csproj", "{22B332AC-4701-4AAD-B621-963586F96AED}"
EndProject
Project("{FAE04EC0-301F-11D3-BF4B-00C04F79EFBC}") = "Dmarc.DnsRecord.Evaluator.Test", "src\Dmarc.DnsRecord.Evaluator.Test\Dmarc.DnsRecord.Evaluator.Test.csproj", "{1BFBA3A5-FB05-4473-B596-035EA0C3CBB3}"
EndProject
Project("{FAE04EC0-301F-11D3-BF4B-00C04F79EFBC}") = "Dmarc.DnsRecord.Importer.Lambda.Test", "src\Dmarc.DnsRecord.Importer.Lambda.Test\Dmarc.DnsRecord.Importer.Lambda.Test.csproj", "{78F5D5FA-6E24-4DE2-8E95-F75359E98545}"
EndProject
Project("{FAE04EC0-301F-11D3-BF4B-00C04F79EFBC}") = "Dmarc.DomainStatus.Api.Test", "src\Dmarc.DomainStatus.Api.Test\Dmarc.DomainStatus.Api.Test.csproj", "{1E1080AB-FA5F-4BF0-8EA9-18385E223788}"
EndProject
Project("{FAE04EC0-301F-11D3-BF4B-00C04F79EFBC}") = "Dmarc.MxSecurityEvaluator.Test", "src\Dmarc.MxSecurityEvaluator.Test\Dmarc.MxSecurityEvaluator.Test.csproj", "{8B92F9AB-4AE8-47F1-87CE-34719135CBDE}"
EndProject
Project("{FAE04EC0-301F-11D3-BF4B-00C04F79EFBC}") = "Dmarc.MxSecurityTester.Test", "src\Dmarc.MxSecurityTester.Test\Dmarc.MxSecurityTester.Test.csproj", "{14DE10B9-CF1D-4810-BD05-13D04F740EBA}"
EndProject
Global
	GlobalSection(SolutionConfigurationPlatforms) = preSolution
		Debug|Any CPU = Debug|Any CPU
		Release|Any CPU = Release|Any CPU
	EndGlobalSection
	GlobalSection(ProjectConfigurationPlatforms) = postSolution
		{7B56B19D-03FF-4591-8473-56A3F6306E5D}.Debug|Any CPU.ActiveCfg = Debug|Any CPU
		{7B56B19D-03FF-4591-8473-56A3F6306E5D}.Debug|Any CPU.Build.0 = Debug|Any CPU
		{7B56B19D-03FF-4591-8473-56A3F6306E5D}.Release|Any CPU.ActiveCfg = Release|Any CPU
		{7B56B19D-03FF-4591-8473-56A3F6306E5D}.Release|Any CPU.Build.0 = Release|Any CPU
		{581E0C84-E424-4E1A-8F75-E38E4EBF60FA}.Debug|Any CPU.ActiveCfg = Debug|Any CPU
		{581E0C84-E424-4E1A-8F75-E38E4EBF60FA}.Debug|Any CPU.Build.0 = Debug|Any CPU
		{581E0C84-E424-4E1A-8F75-E38E4EBF60FA}.Release|Any CPU.ActiveCfg = Release|Any CPU
		{581E0C84-E424-4E1A-8F75-E38E4EBF60FA}.Release|Any CPU.Build.0 = Release|Any CPU
		{1CE48DA3-9962-4DFB-973D-14FF502304F7}.Debug|Any CPU.ActiveCfg = Debug|Any CPU
		{1CE48DA3-9962-4DFB-973D-14FF502304F7}.Debug|Any CPU.Build.0 = Debug|Any CPU
		{1CE48DA3-9962-4DFB-973D-14FF502304F7}.Release|Any CPU.ActiveCfg = Release|Any CPU
		{1CE48DA3-9962-4DFB-973D-14FF502304F7}.Release|Any CPU.Build.0 = Release|Any CPU
		{6172F976-1D59-4681-8E28-F6B2CE46B514}.Debug|Any CPU.ActiveCfg = Debug|Any CPU
		{6172F976-1D59-4681-8E28-F6B2CE46B514}.Debug|Any CPU.Build.0 = Debug|Any CPU
		{6172F976-1D59-4681-8E28-F6B2CE46B514}.Release|Any CPU.ActiveCfg = Release|Any CPU
		{6172F976-1D59-4681-8E28-F6B2CE46B514}.Release|Any CPU.Build.0 = Release|Any CPU
		{7CC2810B-F29E-4875-A8EA-FB0FF3236381}.Debug|Any CPU.ActiveCfg = Debug|Any CPU
		{7CC2810B-F29E-4875-A8EA-FB0FF3236381}.Debug|Any CPU.Build.0 = Debug|Any CPU
		{7CC2810B-F29E-4875-A8EA-FB0FF3236381}.Release|Any CPU.ActiveCfg = Release|Any CPU
		{7CC2810B-F29E-4875-A8EA-FB0FF3236381}.Release|Any CPU.Build.0 = Release|Any CPU
		{30F31222-97DB-450F-B5B6-4C352F011D69}.Debug|Any CPU.ActiveCfg = Debug|Any CPU
		{30F31222-97DB-450F-B5B6-4C352F011D69}.Debug|Any CPU.Build.0 = Debug|Any CPU
		{30F31222-97DB-450F-B5B6-4C352F011D69}.Release|Any CPU.ActiveCfg = Release|Any CPU
		{30F31222-97DB-450F-B5B6-4C352F011D69}.Release|Any CPU.Build.0 = Release|Any CPU
		{CCC490B8-2AA2-4F00-AB5E-8A6A6E7F6F3D}.Debug|Any CPU.ActiveCfg = Debug|Any CPU
		{CCC490B8-2AA2-4F00-AB5E-8A6A6E7F6F3D}.Debug|Any CPU.Build.0 = Debug|Any CPU
		{CCC490B8-2AA2-4F00-AB5E-8A6A6E7F6F3D}.Release|Any CPU.ActiveCfg = Release|Any CPU
		{CCC490B8-2AA2-4F00-AB5E-8A6A6E7F6F3D}.Release|Any CPU.Build.0 = Release|Any CPU
		{66BC8BFC-8CF2-47DE-A645-01458102F7D0}.Debug|Any CPU.ActiveCfg = Debug|Any CPU
		{66BC8BFC-8CF2-47DE-A645-01458102F7D0}.Debug|Any CPU.Build.0 = Debug|Any CPU
		{66BC8BFC-8CF2-47DE-A645-01458102F7D0}.Release|Any CPU.ActiveCfg = Release|Any CPU
		{66BC8BFC-8CF2-47DE-A645-01458102F7D0}.Release|Any CPU.Build.0 = Release|Any CPU
		{4CCF4DD5-97D8-4492-BE22-6AC08B65CC16}.Debug|Any CPU.ActiveCfg = Debug|Any CPU
		{4CCF4DD5-97D8-4492-BE22-6AC08B65CC16}.Debug|Any CPU.Build.0 = Debug|Any CPU
		{4CCF4DD5-97D8-4492-BE22-6AC08B65CC16}.Release|Any CPU.ActiveCfg = Release|Any CPU
		{4CCF4DD5-97D8-4492-BE22-6AC08B65CC16}.Release|Any CPU.Build.0 = Release|Any CPU
		{DFA29A59-09D8-4275-B238-A651F67449E1}.Debug|Any CPU.ActiveCfg = Debug|Any CPU
		{DFA29A59-09D8-4275-B238-A651F67449E1}.Debug|Any CPU.Build.0 = Debug|Any CPU
		{DFA29A59-09D8-4275-B238-A651F67449E1}.Release|Any CPU.ActiveCfg = Release|Any CPU
		{DFA29A59-09D8-4275-B238-A651F67449E1}.Release|Any CPU.Build.0 = Release|Any CPU
		{9518754F-8EDA-401E-9DCF-7FF1EA3BC7C9}.Debug|Any CPU.ActiveCfg = Debug|Any CPU
		{9518754F-8EDA-401E-9DCF-7FF1EA3BC7C9}.Debug|Any CPU.Build.0 = Debug|Any CPU
		{9518754F-8EDA-401E-9DCF-7FF1EA3BC7C9}.Release|Any CPU.ActiveCfg = Release|Any CPU
		{9518754F-8EDA-401E-9DCF-7FF1EA3BC7C9}.Release|Any CPU.Build.0 = Release|Any CPU
		{504580D2-0DAD-445A-8E2B-4EA80261C066}.Debug|Any CPU.ActiveCfg = Debug|Any CPU
		{504580D2-0DAD-445A-8E2B-4EA80261C066}.Debug|Any CPU.Build.0 = Debug|Any CPU
		{504580D2-0DAD-445A-8E2B-4EA80261C066}.Release|Any CPU.ActiveCfg = Release|Any CPU
		{504580D2-0DAD-445A-8E2B-4EA80261C066}.Release|Any CPU.Build.0 = Release|Any CPU
		{20D70266-3972-4B8A-8EF6-0232E441D997}.Debug|Any CPU.ActiveCfg = Debug|Any CPU
		{20D70266-3972-4B8A-8EF6-0232E441D997}.Debug|Any CPU.Build.0 = Debug|Any CPU
		{20D70266-3972-4B8A-8EF6-0232E441D997}.Release|Any CPU.ActiveCfg = Release|Any CPU
		{20D70266-3972-4B8A-8EF6-0232E441D997}.Release|Any CPU.Build.0 = Release|Any CPU
		{C629B1E8-1774-4355-9C10-34E9EFC1F831}.Debug|Any CPU.ActiveCfg = Debug|Any CPU
		{C629B1E8-1774-4355-9C10-34E9EFC1F831}.Debug|Any CPU.Build.0 = Debug|Any CPU
		{C629B1E8-1774-4355-9C10-34E9EFC1F831}.Release|Any CPU.ActiveCfg = Release|Any CPU
		{C629B1E8-1774-4355-9C10-34E9EFC1F831}.Release|Any CPU.Build.0 = Release|Any CPU
		{DA7066C9-5279-47B5-BA86-EE386A3C8525}.Debug|Any CPU.ActiveCfg = Debug|Any CPU
		{DA7066C9-5279-47B5-BA86-EE386A3C8525}.Debug|Any CPU.Build.0 = Debug|Any CPU
		{DA7066C9-5279-47B5-BA86-EE386A3C8525}.Release|Any CPU.ActiveCfg = Release|Any CPU
		{DA7066C9-5279-47B5-BA86-EE386A3C8525}.Release|Any CPU.Build.0 = Release|Any CPU
		{554CFCB8-6AB0-44DA-9A91-27FB38DA831A}.Debug|Any CPU.ActiveCfg = Debug|Any CPU
		{554CFCB8-6AB0-44DA-9A91-27FB38DA831A}.Debug|Any CPU.Build.0 = Debug|Any CPU
		{554CFCB8-6AB0-44DA-9A91-27FB38DA831A}.Release|Any CPU.ActiveCfg = Release|Any CPU
		{554CFCB8-6AB0-44DA-9A91-27FB38DA831A}.Release|Any CPU.Build.0 = Release|Any CPU
		{2F624A41-3869-40DA-9B25-534C8EFF2A86}.Debug|Any CPU.ActiveCfg = Debug|Any CPU
		{2F624A41-3869-40DA-9B25-534C8EFF2A86}.Debug|Any CPU.Build.0 = Debug|Any CPU
		{2F624A41-3869-40DA-9B25-534C8EFF2A86}.Release|Any CPU.ActiveCfg = Release|Any CPU
		{2F624A41-3869-40DA-9B25-534C8EFF2A86}.Release|Any CPU.Build.0 = Release|Any CPU
		{384519D0-F795-4FF9-8917-413AB91BBAEE}.Debug|Any CPU.ActiveCfg = Debug|Any CPU
		{384519D0-F795-4FF9-8917-413AB91BBAEE}.Debug|Any CPU.Build.0 = Debug|Any CPU
		{384519D0-F795-4FF9-8917-413AB91BBAEE}.Release|Any CPU.ActiveCfg = Release|Any CPU
		{384519D0-F795-4FF9-8917-413AB91BBAEE}.Release|Any CPU.Build.0 = Release|Any CPU
		{DEF4E8E3-9198-46AD-A96E-C0224691B1DE}.Debug|Any CPU.ActiveCfg = Debug|Any CPU
		{DEF4E8E3-9198-46AD-A96E-C0224691B1DE}.Debug|Any CPU.Build.0 = Debug|Any CPU
		{DEF4E8E3-9198-46AD-A96E-C0224691B1DE}.Release|Any CPU.ActiveCfg = Release|Any CPU
		{DEF4E8E3-9198-46AD-A96E-C0224691B1DE}.Release|Any CPU.Build.0 = Release|Any CPU
		{33577CF4-A56F-4EE2-90D9-61978FEE4C3A}.Debug|Any CPU.ActiveCfg = Debug|Any CPU
		{33577CF4-A56F-4EE2-90D9-61978FEE4C3A}.Debug|Any CPU.Build.0 = Debug|Any CPU
		{33577CF4-A56F-4EE2-90D9-61978FEE4C3A}.Release|Any CPU.ActiveCfg = Release|Any CPU
		{33577CF4-A56F-4EE2-90D9-61978FEE4C3A}.Release|Any CPU.Build.0 = Release|Any CPU
		{1C47A80A-735D-4FAF-B4A2-7D0E779A0667}.Debug|Any CPU.ActiveCfg = Debug|Any CPU
		{1C47A80A-735D-4FAF-B4A2-7D0E779A0667}.Debug|Any CPU.Build.0 = Debug|Any CPU
		{1C47A80A-735D-4FAF-B4A2-7D0E779A0667}.Release|Any CPU.ActiveCfg = Release|Any CPU
		{1C47A80A-735D-4FAF-B4A2-7D0E779A0667}.Release|Any CPU.Build.0 = Release|Any CPU
		{51ED6656-4F00-41DB-96DB-4CCB1D3596A4}.Debug|Any CPU.ActiveCfg = Debug|Any CPU
		{51ED6656-4F00-41DB-96DB-4CCB1D3596A4}.Debug|Any CPU.Build.0 = Debug|Any CPU
		{51ED6656-4F00-41DB-96DB-4CCB1D3596A4}.Release|Any CPU.ActiveCfg = Release|Any CPU
		{51ED6656-4F00-41DB-96DB-4CCB1D3596A4}.Release|Any CPU.Build.0 = Release|Any CPU
		{B7ACBE47-643A-490A-878C-130F4883E38B}.Debug|Any CPU.ActiveCfg = Debug|Any CPU
		{B7ACBE47-643A-490A-878C-130F4883E38B}.Debug|Any CPU.Build.0 = Debug|Any CPU
		{B7ACBE47-643A-490A-878C-130F4883E38B}.Release|Any CPU.ActiveCfg = Release|Any CPU
		{B7ACBE47-643A-490A-878C-130F4883E38B}.Release|Any CPU.Build.0 = Release|Any CPU
		{D270F277-FDF7-4353-83C9-2C5B22A67A21}.Debug|Any CPU.ActiveCfg = Debug|Any CPU
		{D270F277-FDF7-4353-83C9-2C5B22A67A21}.Debug|Any CPU.Build.0 = Debug|Any CPU
		{D270F277-FDF7-4353-83C9-2C5B22A67A21}.Release|Any CPU.ActiveCfg = Release|Any CPU
		{D270F277-FDF7-4353-83C9-2C5B22A67A21}.Release|Any CPU.Build.0 = Release|Any CPU
		{412A0ED1-5154-4717-9184-9A2E9857137E}.Debug|Any CPU.ActiveCfg = Debug|Any CPU
		{412A0ED1-5154-4717-9184-9A2E9857137E}.Debug|Any CPU.Build.0 = Debug|Any CPU
		{412A0ED1-5154-4717-9184-9A2E9857137E}.Release|Any CPU.ActiveCfg = Release|Any CPU
		{412A0ED1-5154-4717-9184-9A2E9857137E}.Release|Any CPU.Build.0 = Release|Any CPU
		{22B332AC-4701-4AAD-B621-963586F96AED}.Debug|Any CPU.ActiveCfg = Debug|Any CPU
		{22B332AC-4701-4AAD-B621-963586F96AED}.Debug|Any CPU.Build.0 = Debug|Any CPU
		{22B332AC-4701-4AAD-B621-963586F96AED}.Release|Any CPU.ActiveCfg = Release|Any CPU
		{22B332AC-4701-4AAD-B621-963586F96AED}.Release|Any CPU.Build.0 = Release|Any CPU
		{1BFBA3A5-FB05-4473-B596-035EA0C3CBB3}.Debug|Any CPU.ActiveCfg = Debug|Any CPU
		{1BFBA3A5-FB05-4473-B596-035EA0C3CBB3}.Debug|Any CPU.Build.0 = Debug|Any CPU
		{1BFBA3A5-FB05-4473-B596-035EA0C3CBB3}.Release|Any CPU.ActiveCfg = Release|Any CPU
		{1BFBA3A5-FB05-4473-B596-035EA0C3CBB3}.Release|Any CPU.Build.0 = Release|Any CPU
		{78F5D5FA-6E24-4DE2-8E95-F75359E98545}.Debug|Any CPU.ActiveCfg = Debug|Any CPU
		{78F5D5FA-6E24-4DE2-8E95-F75359E98545}.Debug|Any CPU.Build.0 = Debug|Any CPU
		{78F5D5FA-6E24-4DE2-8E95-F75359E98545}.Release|Any CPU.ActiveCfg = Release|Any CPU
		{78F5D5FA-6E24-4DE2-8E95-F75359E98545}.Release|Any CPU.Build.0 = Release|Any CPU
		{1E1080AB-FA5F-4BF0-8EA9-18385E223788}.Debug|Any CPU.ActiveCfg = Debug|Any CPU
		{1E1080AB-FA5F-4BF0-8EA9-18385E223788}.Debug|Any CPU.Build.0 = Debug|Any CPU
		{1E1080AB-FA5F-4BF0-8EA9-18385E223788}.Release|Any CPU.ActiveCfg = Release|Any CPU
		{1E1080AB-FA5F-4BF0-8EA9-18385E223788}.Release|Any CPU.Build.0 = Release|Any CPU
		{8B92F9AB-4AE8-47F1-87CE-34719135CBDE}.Debug|Any CPU.ActiveCfg = Debug|Any CPU
		{8B92F9AB-4AE8-47F1-87CE-34719135CBDE}.Debug|Any CPU.Build.0 = Debug|Any CPU
		{8B92F9AB-4AE8-47F1-87CE-34719135CBDE}.Release|Any CPU.ActiveCfg = Release|Any CPU
		{8B92F9AB-4AE8-47F1-87CE-34719135CBDE}.Release|Any CPU.Build.0 = Release|Any CPU
		{14DE10B9-CF1D-4810-BD05-13D04F740EBA}.Debug|Any CPU.ActiveCfg = Debug|Any CPU
		{14DE10B9-CF1D-4810-BD05-13D04F740EBA}.Debug|Any CPU.Build.0 = Debug|Any CPU
		{14DE10B9-CF1D-4810-BD05-13D04F740EBA}.Release|Any CPU.ActiveCfg = Release|Any CPU
		{14DE10B9-CF1D-4810-BD05-13D04F740EBA}.Release|Any CPU.Build.0 = Release|Any CPU
	EndGlobalSection
	GlobalSection(SolutionProperties) = preSolution
		HideSolutionNode = FALSE
	EndGlobalSection
	GlobalSection(NestedProjects) = preSolution
		{FDFD41D6-1B01-40FD-AA9D-C32D32050B02} = {B35C5665-A44D-4A3F-ABFA-1AF12B79332A}
		{C9CB4FD5-C952-48BE-A259-3DFE9C73AB38} = {B35C5665-A44D-4A3F-ABFA-1AF12B79332A}
		{669CFB68-BD08-4767-BA1E-663B09E00FFA} = {845984F5-AE96-4B83-872C-3965D417DB64}
		{E4DF83BF-A475-4DB8-94F4-2FECC900BBCD} = {845984F5-AE96-4B83-872C-3965D417DB64}
		{04142AB2-0662-4F82-83D4-37F3A280B1D3} = {B35C5665-A44D-4A3F-ABFA-1AF12B79332A}
		{3FE90C8C-C3CC-4826-8426-750BD610868C} = {845984F5-AE96-4B83-872C-3965D417DB64}
		{1B6BC33E-0ACC-43FB-92F9-E9276C58004B} = {B35C5665-A44D-4A3F-ABFA-1AF12B79332A}
		{7BCFC6C9-C926-4FF1-9638-9821909D260F} = {845984F5-AE96-4B83-872C-3965D417DB64}
		{0B86C291-A274-479B-A4CE-642BEE893DA3} = {B35C5665-A44D-4A3F-ABFA-1AF12B79332A}
		{975641EC-651D-4037-B9FB-9FB06BBBFD0D} = {845984F5-AE96-4B83-872C-3965D417DB64}
		{ED3ECDB4-9E3E-4DB5-A057-D7D024C0E867} = {B35C5665-A44D-4A3F-ABFA-1AF12B79332A}
		{3C551062-3904-49CB-8A71-D89F92CAE501} = {B35C5665-A44D-4A3F-ABFA-1AF12B79332A}
		{E77DA3EB-EB2B-4B0B-AC26-84692753CE96} = {845984F5-AE96-4B83-872C-3965D417DB64}
		{7B56B19D-03FF-4591-8473-56A3F6306E5D} = {3C551062-3904-49CB-8A71-D89F92CAE501}
		{581E0C84-E424-4E1A-8F75-E38E4EBF60FA} = {C9CB4FD5-C952-48BE-A259-3DFE9C73AB38}
		{1CE48DA3-9962-4DFB-973D-14FF502304F7} = {C9CB4FD5-C952-48BE-A259-3DFE9C73AB38}
		{6172F976-1D59-4681-8E28-F6B2CE46B514} = {C9CB4FD5-C952-48BE-A259-3DFE9C73AB38}
		{7CC2810B-F29E-4875-A8EA-FB0FF3236381} = {C9CB4FD5-C952-48BE-A259-3DFE9C73AB38}
		{30F31222-97DB-450F-B5B6-4C352F011D69} = {C9CB4FD5-C952-48BE-A259-3DFE9C73AB38}
		{CCC490B8-2AA2-4F00-AB5E-8A6A6E7F6F3D} = {C9CB4FD5-C952-48BE-A259-3DFE9C73AB38}
		{66BC8BFC-8CF2-47DE-A645-01458102F7D0} = {C9CB4FD5-C952-48BE-A259-3DFE9C73AB38}
		{4CCF4DD5-97D8-4492-BE22-6AC08B65CC16} = {C9CB4FD5-C952-48BE-A259-3DFE9C73AB38}
		{DFA29A59-09D8-4275-B238-A651F67449E1} = {FDFD41D6-1B01-40FD-AA9D-C32D32050B02}
		{9518754F-8EDA-401E-9DCF-7FF1EA3BC7C9} = {FDFD41D6-1B01-40FD-AA9D-C32D32050B02}
		{504580D2-0DAD-445A-8E2B-4EA80261C066} = {FDFD41D6-1B01-40FD-AA9D-C32D32050B02}
		{20D70266-3972-4B8A-8EF6-0232E441D997} = {04142AB2-0662-4F82-83D4-37F3A280B1D3}
		{C629B1E8-1774-4355-9C10-34E9EFC1F831} = {04142AB2-0662-4F82-83D4-37F3A280B1D3}
		{DA7066C9-5279-47B5-BA86-EE386A3C8525} = {04142AB2-0662-4F82-83D4-37F3A280B1D3}
		{554CFCB8-6AB0-44DA-9A91-27FB38DA831A} = {1B6BC33E-0ACC-43FB-92F9-E9276C58004B}
		{2F624A41-3869-40DA-9B25-534C8EFF2A86} = {ED3ECDB4-9E3E-4DB5-A057-D7D024C0E867}
		{384519D0-F795-4FF9-8917-413AB91BBAEE} = {0B86C291-A274-479B-A4CE-642BEE893DA3}
		{DEF4E8E3-9198-46AD-A96E-C0224691B1DE} = {0B86C291-A274-479B-A4CE-642BEE893DA3}
		{33577CF4-A56F-4EE2-90D9-61978FEE4C3A} = {0B86C291-A274-479B-A4CE-642BEE893DA3}
		{1C47A80A-735D-4FAF-B4A2-7D0E779A0667} = {E77DA3EB-EB2B-4B0B-AC26-84692753CE96}
		{51ED6656-4F00-41DB-96DB-4CCB1D3596A4} = {845984F5-AE96-4B83-872C-3965D417DB64}
		{B7ACBE47-643A-490A-878C-130F4883E38B} = {669CFB68-BD08-4767-BA1E-663B09E00FFA}
		{D270F277-FDF7-4353-83C9-2C5B22A67A21} = {669CFB68-BD08-4767-BA1E-663B09E00FFA}
		{412A0ED1-5154-4717-9184-9A2E9857137E} = {E4DF83BF-A475-4DB8-94F4-2FECC900BBCD}
		{22B332AC-4701-4AAD-B621-963586F96AED} = {E4DF83BF-A475-4DB8-94F4-2FECC900BBCD}
		{1BFBA3A5-FB05-4473-B596-035EA0C3CBB3} = {3FE90C8C-C3CC-4826-8426-750BD610868C}
		{78F5D5FA-6E24-4DE2-8E95-F75359E98545} = {3FE90C8C-C3CC-4826-8426-750BD610868C}
		{1E1080AB-FA5F-4BF0-8EA9-18385E223788} = {7BCFC6C9-C926-4FF1-9638-9821909D260F}
		{8B92F9AB-4AE8-47F1-87CE-34719135CBDE} = {975641EC-651D-4037-B9FB-9FB06BBBFD0D}
		{14DE10B9-CF1D-4810-BD05-13D04F740EBA} = {975641EC-651D-4037-B9FB-9FB06BBBFD0D}
	EndGlobalSection
EndGlobal
