
Microsoft Visual Studio Solution File, Format Version 12.00
# Visual Studio 14
VisualStudioVersion = 14.0.25420.1
MinimumVisualStudioVersion = 10.0.40219.1
Project("{2150E333-8FDC-42A3-9474-1A3956D46DE8}") = "src", "src", "{B35C5665-A44D-4A3F-ABFA-1AF12B79332A}"
EndProject
Project("{2150E333-8FDC-42A3-9474-1A3956D46DE8}") = "Solution Items", "Solution Items", "{334E9347-45E2-4E28-8995-9422904AD33C}"
	ProjectSection(SolutionItems) = preProject
		global.json = global.json
	EndProjectSection
EndProject
Project("{8BB2217D-0F2D-49D1-97BC-3654ED321F3B}") = "Dmarc.AggregateReport.Parser.Lambda", "src\Dmarc.AggregateReport.Parser.Lambda\Dmarc.AggregateReport.Parser.Lambda.xproj", "{E5A4663C-C0CE-417C-B6F1-1F53838EC039}"
EndProject
Project("{8BB2217D-0F2D-49D1-97BC-3654ED321F3B}") = "Dmarc.AggregateReport.Parser.Lambda.Test", "src\Dmarc.AggregateReport.Parser.Lambda.Test\Dmarc.AggregateReport.Parser.Lambda.Test.xproj", "{AD224683-58D4-46D0-B767-34792895CB5A}"
EndProject
Project("{8BB2217D-0F2D-49D1-97BC-3654ED321F3B}") = "Dmarc.Common", "src\Dmarc.Common\Dmarc.Common.xproj", "{8D99D2F8-5E5D-4EA6-A378-25D85DB0589F}"
EndProject
Project("{8BB2217D-0F2D-49D1-97BC-3654ED321F3B}") = "Dmarc.AggregateReport.Api.Test", "src\Dmarc.AggregateReport.Api.Test\Dmarc.AggregateReport.Api.Test.xproj", "{416ADFE8-CBC8-4ECD-8932-46170BA7DFF1}"
EndProject
Project("{8BB2217D-0F2D-49D1-97BC-3654ED321F3B}") = "Dmarc.Common.Test", "src\Dmarc.Common.Test\Dmarc.Common.Test.xproj", "{5EDD4D85-2AF1-4782-A843-137B6B2E14AA}"
EndProject
Project("{2150E333-8FDC-42A3-9474-1A3956D46DE8}") = "aggregate", "aggregate", "{FDFD41D6-1B01-40FD-AA9D-C32D32050B02}"
EndProject
Project("{2150E333-8FDC-42A3-9474-1A3956D46DE8}") = "common", "common", "{C9CB4FD5-C952-48BE-A259-3DFE9C73AB38}"
EndProject
Project("{2150E333-8FDC-42A3-9474-1A3956D46DE8}") = "test", "test", "{845984F5-AE96-4B83-872C-3965D417DB64}"
EndProject
Project("{2150E333-8FDC-42A3-9474-1A3956D46DE8}") = "aggregate", "aggregate", "{669CFB68-BD08-4767-BA1E-663B09E00FFA}"
EndProject
Project("{2150E333-8FDC-42A3-9474-1A3956D46DE8}") = "common", "common", "{E4DF83BF-A475-4DB8-94F4-2FECC900BBCD}"
EndProject
Project("{8BB2217D-0F2D-49D1-97BC-3654ED321F3B}") = "Dmarc.Common.Report.Test", "src\Dmarc.Common.Report.Test\Dmarc.Common.Report.Test.xproj", "{946DC74C-4D34-46FD-9169-B441E2AE30B3}"
EndProject
Project("{8BB2217D-0F2D-49D1-97BC-3654ED321F3B}") = "Dmarc.Common.Report", "src\Dmarc.Common.Report\Dmarc.Common.Report.xproj", "{4B2BC738-2DB3-489F-A186-3CE2A3B6B77F}"
EndProject
Project("{2150E333-8FDC-42A3-9474-1A3956D46DE8}") = "dns", "dns", "{04142AB2-0662-4F82-83D4-37F3A280B1D3}"
EndProject
Project("{8BB2217D-0F2D-49D1-97BC-3654ED321F3B}") = "Dmarc.DnsRecord.Importer.Lambda", "Src\Dmarc.DnsRecord.Importer.Lambda\Dmarc.DnsRecord.Importer.Lambda.xproj", "{585EF766-CCF9-49DE-A698-FF53F78E3133}"
EndProject
Project("{2150E333-8FDC-42A3-9474-1A3956D46DE8}") = "dns", "dns", "{3FE90C8C-C3CC-4826-8426-750BD610868C}"
EndProject
Project("{8BB2217D-0F2D-49D1-97BC-3654ED321F3B}") = "Dmarc.DnsRecord.Importer.Lambda.Test", "src\Dmarc.DnsRecord.Importer.Lambda.Test\Dmarc.DnsRecord.Importer.Lambda.Test.xproj", "{233F159D-F9A1-4BB5-82BD-715A046A73FB}"
EndProject
Project("{2150E333-8FDC-42A3-9474-1A3956D46DE8}") = "domain_status", "domain_status", "{1B6BC33E-0ACC-43FB-92F9-E9276C58004B}"
EndProject
Project("{8BB2217D-0F2D-49D1-97BC-3654ED321F3B}") = "Dmarc.DomainStatus.Api", "src\Dmarc.DomainStatus.Api\Dmarc.DomainStatus.Api.xproj", "{A58C84A9-8DF8-438E-AD71-A5BBB7A30DF7}"
EndProject
Project("{2150E333-8FDC-42A3-9474-1A3956D46DE8}") = "domain_status", "domain_status", "{7BCFC6C9-C926-4FF1-9638-9821909D260F}"
EndProject
Project("{8BB2217D-0F2D-49D1-97BC-3654ED321F3B}") = "Dmarc.DomainStatus.Api.Test", "src\Dmarc.DomainStatus.Api.Test\Dmarc.DomainStatus.Api.Test.xproj", "{86E2864A-4D8C-438F-8BD6-AF5B7B7D99D4}"
EndProject
Project("{8BB2217D-0F2D-49D1-97BC-3654ED321F3B}") = "Dmarc.Common.Api", "src\Dmarc.Common.Api\Dmarc.Common.Api.xproj", "{3D911D68-DD63-4B59-A898-F57891223ABB}"
EndProject
Project("{2150E333-8FDC-42A3-9474-1A3956D46DE8}") = "mx", "mx", "{0B86C291-A274-479B-A4CE-642BEE893DA3}"
EndProject
Project("{2150E333-8FDC-42A3-9474-1A3956D46DE8}") = "mx", "mx", "{975641EC-651D-4037-B9FB-9FB06BBBFD0D}"
EndProject
Project("{8BB2217D-0F2D-49D1-97BC-3654ED321F3B}") = "Dmarc.Common.TestSupport", "src\Dmarc.Common.TestSupport\Dmarc.Common.TestSupport.xproj", "{45BE3E88-D814-4CC4-B612-A236EF1CFF28}"
EndProject
Project("{8BB2217D-0F2D-49D1-97BC-3654ED321F3B}") = "Dmarc.MxSecurityTester", "src\Dmarc.MxSecurityTester\Dmarc.MxSecurityTester.xproj", "{A4386CF8-AE0E-4E4B-A61D-75152EA72450}"
EndProject
Project("{8BB2217D-0F2D-49D1-97BC-3654ED321F3B}") = "Dmarc.MxSecurityTester.Test", "src\Dmarc.MxSecurityTester.Test\Dmarc.MxSecurityTester.Test.xproj", "{0F9EC81C-3DC3-4A33-9DA2-825069A34965}"
EndProject
Project("{2150E333-8FDC-42A3-9474-1A3956D46DE8}") = "metrics", "metrics", "{ED3ECDB4-9E3E-4DB5-A057-D7D024C0E867}"
EndProject
Project("{2150E333-8FDC-42A3-9474-1A3956D46DE8}") = "metrics", "metrics", "{69BA94B9-2929-45B8-8F69-48F0AEC3B160}"
EndProject
Project("{8BB2217D-0F2D-49D1-97BC-3654ED321F3B}") = "Dmarc.Metrics.Api", "src\Dmarc.Metrics.Api\Dmarc.Metrics.Api.xproj", "{9AF206A7-8976-462E-95E9-E7D6AC0E0EBD}"
EndProject
Project("{8BB2217D-0F2D-49D1-97BC-3654ED321F3B}") = "Dmarc.DnsRecord.Evaluator", "src\Dmarc.DnsRecord.Evaluator\Dmarc.DnsRecord.Evaluator.xproj", "{1309A794-ED07-4FF0-8946-601890661E59}"
EndProject
Project("{8BB2217D-0F2D-49D1-97BC-3654ED321F3B}") = "Dmarc.DnsRecord.Contract", "src\Dmarc.DnsRecord.Contract\Dmarc.DnsRecord.Contract.xproj", "{3B724517-8981-42F2-B1D7-55752E8CB234}"
EndProject
Project("{8BB2217D-0F2D-49D1-97BC-3654ED321F3B}") = "Dmarc.DnsRecord.Evaluator.Test", "src\Dmarc.DnsRecord.Evaluator.Test\Dmarc.DnsRecord.Evaluator.Test.xproj", "{7CB5A4E2-8A80-464D-B4BF-F6CA44971B6E}"
EndProject
Project("{8BB2217D-0F2D-49D1-97BC-3654ED321F3B}") = "Dmarc.AggregateReport.Api", "src\Dmarc.AggregateReport.Api\Dmarc.AggregateReport.Api.xproj", "{49B0996A-04E4-466B-8B31-6A692E6E7D2F}"
EndProject
Project("{2150E333-8FDC-42A3-9474-1A3956D46DE8}") = "admin", "admin", "{3C551062-3904-49CB-8A71-D89F92CAE501}"
EndProject
Project("{8BB2217D-0F2D-49D1-97BC-3654ED321F3B}") = "Dmarc.Admin.Api", "src\Dmarc.Admin.Api\Dmarc.Admin.Api.xproj", "{66F90348-C2A0-4A8A-B60C-BAFAF7B065A8}"
EndProject
Project("{2150E333-8FDC-42A3-9474-1A3956D46DE8}") = "admin", "admin", "{E77DA3EB-EB2B-4B0B-AC26-84692753CE96}"
EndProject
Project("{8BB2217D-0F2D-49D1-97BC-3654ED321F3B}") = "Dmarc.Admin.Api.Test", "src\Dmarc.Admin.Api.Test\Dmarc.Admin.Api.Test.xproj", "{5B0BC9F3-5E6D-44AF-BA63-7B71535A4287}"
EndProject
Project("{8BB2217D-0F2D-49D1-97BC-3654ED321F3B}") = "Dmarc.Common.Interface", "src\Dmarc.Common.Interface\Dmarc.Common.Interface.xproj", "{0A321A29-FAD6-4A5C-88BD-15E1A0D8B3E1}"
EndProject
Project("{8BB2217D-0F2D-49D1-97BC-3654ED321F3B}") = "Dmarc.Common.Messaging.Sns", "src\Dmarc.Common.Messaging.Sns\Dmarc.Common.Messaging.Sns.xproj", "{9ADD606F-8447-44C9-856A-6732DC651215}"
EndProject
Project("{8BB2217D-0F2D-49D1-97BC-3654ED321F3B}") = "Dmarc.MxSecurityTester.Contract", "src\Dmarc.MxSecurityTester.Contract\Dmarc.MxSecurityTester.Contract.xproj", "{6B3EC9EE-054C-416A-91CE-BCAED2956CCE}"
EndProject
Project("{8BB2217D-0F2D-49D1-97BC-3654ED321F3B}") = "Dmarc.Common.Tls.BouncyCastle", "src\Dmarc.Common.Tls.BouncyCastle\Dmarc.Common.Tls.BouncyCastle.xproj", "{A0815013-6CE3-42FC-B0FD-EE22F33821C8}"
EndProject
Project("{8BB2217D-0F2D-49D1-97BC-3654ED321F3B}") = "Dmarc.Common.Messaging.Sqs", "src\Dmarc.Common.Messaging.Sqs\Dmarc.Common.Messaging.Sqs.xproj", "{2DE82DBF-A0B7-41F7-AF49-D9DFD835E842}"
EndProject
Project("{8BB2217D-0F2D-49D1-97BC-3654ED321F3B}") = "Dmarc.MxSecurityEvaluator", "src\Dmarc.MxSecurityEvaluator\Dmarc.MxSecurityEvaluator.xproj", "{E6AE5E74-D2C5-4E19-BDF3-947A44817A1E}"
EndProject
Project("{8BB2217D-0F2D-49D1-97BC-3654ED321F3B}") = "Dmarc.MxSecurityEvaluator.Test", "src\Dmarc.MxSecurityEvaluator.Test\Dmarc.MxSecurityEvaluator.Test.xproj", "{49CCA25E-64DC-4EFE-B67A-B920559B6D0C}"
EndProject
Project("{8BB2217D-0F2D-49D1-97BC-3654ED321F3B}") = "Dmarc.Common.PublicSuffix", "src\Dmarc.Common.PublicSuffix\Dmarc.Common.PublicSuffix.xproj", "{56B1F315-6643-43F6-9713-64E318586C09}"
EndProject
Project("{8BB2217D-0F2D-49D1-97BC-3654ED321F3B}") = "Dmarc.AggregateReport.Contracts", "src\Dmarc.AggregateReport.Contracts\Dmarc.AggregateReport.Contracts.xproj", "{2050E5EF-2105-46D0-90BA-5179BACE7991}"
EndProject
Global
	GlobalSection(SolutionConfigurationPlatforms) = preSolution
		Debug|Any CPU = Debug|Any CPU
		Release|Any CPU = Release|Any CPU
	EndGlobalSection
	GlobalSection(ProjectConfigurationPlatforms) = postSolution
		{E5A4663C-C0CE-417C-B6F1-1F53838EC039}.Debug|Any CPU.ActiveCfg = Debug|Any CPU
		{E5A4663C-C0CE-417C-B6F1-1F53838EC039}.Debug|Any CPU.Build.0 = Debug|Any CPU
		{E5A4663C-C0CE-417C-B6F1-1F53838EC039}.Release|Any CPU.ActiveCfg = Release|Any CPU
		{E5A4663C-C0CE-417C-B6F1-1F53838EC039}.Release|Any CPU.Build.0 = Release|Any CPU
		{AD224683-58D4-46D0-B767-34792895CB5A}.Debug|Any CPU.ActiveCfg = Debug|Any CPU
		{AD224683-58D4-46D0-B767-34792895CB5A}.Debug|Any CPU.Build.0 = Debug|Any CPU
		{AD224683-58D4-46D0-B767-34792895CB5A}.Release|Any CPU.ActiveCfg = Release|Any CPU
		{AD224683-58D4-46D0-B767-34792895CB5A}.Release|Any CPU.Build.0 = Release|Any CPU
		{8D99D2F8-5E5D-4EA6-A378-25D85DB0589F}.Debug|Any CPU.ActiveCfg = Debug|Any CPU
		{8D99D2F8-5E5D-4EA6-A378-25D85DB0589F}.Debug|Any CPU.Build.0 = Debug|Any CPU
		{8D99D2F8-5E5D-4EA6-A378-25D85DB0589F}.Release|Any CPU.ActiveCfg = Release|Any CPU
		{8D99D2F8-5E5D-4EA6-A378-25D85DB0589F}.Release|Any CPU.Build.0 = Release|Any CPU
		{416ADFE8-CBC8-4ECD-8932-46170BA7DFF1}.Debug|Any CPU.ActiveCfg = Debug|Any CPU
		{416ADFE8-CBC8-4ECD-8932-46170BA7DFF1}.Debug|Any CPU.Build.0 = Debug|Any CPU
		{416ADFE8-CBC8-4ECD-8932-46170BA7DFF1}.Release|Any CPU.ActiveCfg = Release|Any CPU
		{416ADFE8-CBC8-4ECD-8932-46170BA7DFF1}.Release|Any CPU.Build.0 = Release|Any CPU
		{5EDD4D85-2AF1-4782-A843-137B6B2E14AA}.Debug|Any CPU.ActiveCfg = Debug|Any CPU
		{5EDD4D85-2AF1-4782-A843-137B6B2E14AA}.Debug|Any CPU.Build.0 = Debug|Any CPU
		{5EDD4D85-2AF1-4782-A843-137B6B2E14AA}.Release|Any CPU.ActiveCfg = Release|Any CPU
		{5EDD4D85-2AF1-4782-A843-137B6B2E14AA}.Release|Any CPU.Build.0 = Release|Any CPU
		{946DC74C-4D34-46FD-9169-B441E2AE30B3}.Debug|Any CPU.ActiveCfg = Debug|Any CPU
		{946DC74C-4D34-46FD-9169-B441E2AE30B3}.Debug|Any CPU.Build.0 = Debug|Any CPU
		{946DC74C-4D34-46FD-9169-B441E2AE30B3}.Release|Any CPU.ActiveCfg = Release|Any CPU
		{946DC74C-4D34-46FD-9169-B441E2AE30B3}.Release|Any CPU.Build.0 = Release|Any CPU
		{4B2BC738-2DB3-489F-A186-3CE2A3B6B77F}.Debug|Any CPU.ActiveCfg = Debug|Any CPU
		{4B2BC738-2DB3-489F-A186-3CE2A3B6B77F}.Debug|Any CPU.Build.0 = Debug|Any CPU
		{4B2BC738-2DB3-489F-A186-3CE2A3B6B77F}.Release|Any CPU.ActiveCfg = Release|Any CPU
		{4B2BC738-2DB3-489F-A186-3CE2A3B6B77F}.Release|Any CPU.Build.0 = Release|Any CPU
		{585EF766-CCF9-49DE-A698-FF53F78E3133}.Debug|Any CPU.ActiveCfg = Debug|Any CPU
		{585EF766-CCF9-49DE-A698-FF53F78E3133}.Debug|Any CPU.Build.0 = Debug|Any CPU
		{585EF766-CCF9-49DE-A698-FF53F78E3133}.Release|Any CPU.ActiveCfg = Release|Any CPU
		{585EF766-CCF9-49DE-A698-FF53F78E3133}.Release|Any CPU.Build.0 = Release|Any CPU
		{233F159D-F9A1-4BB5-82BD-715A046A73FB}.Debug|Any CPU.ActiveCfg = Debug|Any CPU
		{233F159D-F9A1-4BB5-82BD-715A046A73FB}.Debug|Any CPU.Build.0 = Debug|Any CPU
		{233F159D-F9A1-4BB5-82BD-715A046A73FB}.Release|Any CPU.ActiveCfg = Release|Any CPU
		{233F159D-F9A1-4BB5-82BD-715A046A73FB}.Release|Any CPU.Build.0 = Release|Any CPU
		{A58C84A9-8DF8-438E-AD71-A5BBB7A30DF7}.Debug|Any CPU.ActiveCfg = Debug|Any CPU
		{A58C84A9-8DF8-438E-AD71-A5BBB7A30DF7}.Debug|Any CPU.Build.0 = Debug|Any CPU
		{A58C84A9-8DF8-438E-AD71-A5BBB7A30DF7}.Release|Any CPU.ActiveCfg = Release|Any CPU
		{A58C84A9-8DF8-438E-AD71-A5BBB7A30DF7}.Release|Any CPU.Build.0 = Release|Any CPU
		{86E2864A-4D8C-438F-8BD6-AF5B7B7D99D4}.Debug|Any CPU.ActiveCfg = Debug|Any CPU
		{86E2864A-4D8C-438F-8BD6-AF5B7B7D99D4}.Debug|Any CPU.Build.0 = Debug|Any CPU
		{86E2864A-4D8C-438F-8BD6-AF5B7B7D99D4}.Release|Any CPU.ActiveCfg = Release|Any CPU
		{86E2864A-4D8C-438F-8BD6-AF5B7B7D99D4}.Release|Any CPU.Build.0 = Release|Any CPU
		{3D911D68-DD63-4B59-A898-F57891223ABB}.Debug|Any CPU.ActiveCfg = Debug|Any CPU
		{3D911D68-DD63-4B59-A898-F57891223ABB}.Debug|Any CPU.Build.0 = Debug|Any CPU
		{3D911D68-DD63-4B59-A898-F57891223ABB}.Release|Any CPU.ActiveCfg = Release|Any CPU
		{3D911D68-DD63-4B59-A898-F57891223ABB}.Release|Any CPU.Build.0 = Release|Any CPU
		{45BE3E88-D814-4CC4-B612-A236EF1CFF28}.Debug|Any CPU.ActiveCfg = Debug|Any CPU
		{45BE3E88-D814-4CC4-B612-A236EF1CFF28}.Debug|Any CPU.Build.0 = Debug|Any CPU
		{45BE3E88-D814-4CC4-B612-A236EF1CFF28}.Release|Any CPU.ActiveCfg = Release|Any CPU
		{45BE3E88-D814-4CC4-B612-A236EF1CFF28}.Release|Any CPU.Build.0 = Release|Any CPU
		{A4386CF8-AE0E-4E4B-A61D-75152EA72450}.Debug|Any CPU.ActiveCfg = Debug|Any CPU
		{A4386CF8-AE0E-4E4B-A61D-75152EA72450}.Debug|Any CPU.Build.0 = Debug|Any CPU
		{A4386CF8-AE0E-4E4B-A61D-75152EA72450}.Release|Any CPU.ActiveCfg = Release|Any CPU
		{A4386CF8-AE0E-4E4B-A61D-75152EA72450}.Release|Any CPU.Build.0 = Release|Any CPU
		{0F9EC81C-3DC3-4A33-9DA2-825069A34965}.Debug|Any CPU.ActiveCfg = Debug|Any CPU
		{0F9EC81C-3DC3-4A33-9DA2-825069A34965}.Debug|Any CPU.Build.0 = Debug|Any CPU
		{0F9EC81C-3DC3-4A33-9DA2-825069A34965}.Release|Any CPU.ActiveCfg = Release|Any CPU
		{0F9EC81C-3DC3-4A33-9DA2-825069A34965}.Release|Any CPU.Build.0 = Release|Any CPU
		{9AF206A7-8976-462E-95E9-E7D6AC0E0EBD}.Debug|Any CPU.ActiveCfg = Debug|Any CPU
		{9AF206A7-8976-462E-95E9-E7D6AC0E0EBD}.Debug|Any CPU.Build.0 = Debug|Any CPU
		{9AF206A7-8976-462E-95E9-E7D6AC0E0EBD}.Release|Any CPU.ActiveCfg = Release|Any CPU
		{9AF206A7-8976-462E-95E9-E7D6AC0E0EBD}.Release|Any CPU.Build.0 = Release|Any CPU
		{1309A794-ED07-4FF0-8946-601890661E59}.Debug|Any CPU.ActiveCfg = Debug|Any CPU
		{1309A794-ED07-4FF0-8946-601890661E59}.Debug|Any CPU.Build.0 = Debug|Any CPU
		{1309A794-ED07-4FF0-8946-601890661E59}.Release|Any CPU.ActiveCfg = Release|Any CPU
		{1309A794-ED07-4FF0-8946-601890661E59}.Release|Any CPU.Build.0 = Release|Any CPU
		{3B724517-8981-42F2-B1D7-55752E8CB234}.Debug|Any CPU.ActiveCfg = Debug|Any CPU
		{3B724517-8981-42F2-B1D7-55752E8CB234}.Debug|Any CPU.Build.0 = Debug|Any CPU
		{3B724517-8981-42F2-B1D7-55752E8CB234}.Release|Any CPU.ActiveCfg = Release|Any CPU
		{3B724517-8981-42F2-B1D7-55752E8CB234}.Release|Any CPU.Build.0 = Release|Any CPU
		{7CB5A4E2-8A80-464D-B4BF-F6CA44971B6E}.Debug|Any CPU.ActiveCfg = Debug|Any CPU
		{7CB5A4E2-8A80-464D-B4BF-F6CA44971B6E}.Debug|Any CPU.Build.0 = Debug|Any CPU
		{7CB5A4E2-8A80-464D-B4BF-F6CA44971B6E}.Release|Any CPU.ActiveCfg = Release|Any CPU
		{7CB5A4E2-8A80-464D-B4BF-F6CA44971B6E}.Release|Any CPU.Build.0 = Release|Any CPU
		{49B0996A-04E4-466B-8B31-6A692E6E7D2F}.Debug|Any CPU.ActiveCfg = Debug|Any CPU
		{49B0996A-04E4-466B-8B31-6A692E6E7D2F}.Debug|Any CPU.Build.0 = Debug|Any CPU
		{49B0996A-04E4-466B-8B31-6A692E6E7D2F}.Release|Any CPU.ActiveCfg = Release|Any CPU
		{49B0996A-04E4-466B-8B31-6A692E6E7D2F}.Release|Any CPU.Build.0 = Release|Any CPU
		{66F90348-C2A0-4A8A-B60C-BAFAF7B065A8}.Debug|Any CPU.ActiveCfg = Debug|Any CPU
		{66F90348-C2A0-4A8A-B60C-BAFAF7B065A8}.Debug|Any CPU.Build.0 = Debug|Any CPU
		{66F90348-C2A0-4A8A-B60C-BAFAF7B065A8}.Release|Any CPU.ActiveCfg = Release|Any CPU
		{66F90348-C2A0-4A8A-B60C-BAFAF7B065A8}.Release|Any CPU.Build.0 = Release|Any CPU
		{5B0BC9F3-5E6D-44AF-BA63-7B71535A4287}.Debug|Any CPU.ActiveCfg = Debug|Any CPU
		{5B0BC9F3-5E6D-44AF-BA63-7B71535A4287}.Debug|Any CPU.Build.0 = Debug|Any CPU
		{5B0BC9F3-5E6D-44AF-BA63-7B71535A4287}.Release|Any CPU.ActiveCfg = Release|Any CPU
		{5B0BC9F3-5E6D-44AF-BA63-7B71535A4287}.Release|Any CPU.Build.0 = Release|Any CPU
		{0A321A29-FAD6-4A5C-88BD-15E1A0D8B3E1}.Debug|Any CPU.ActiveCfg = Debug|Any CPU
		{0A321A29-FAD6-4A5C-88BD-15E1A0D8B3E1}.Debug|Any CPU.Build.0 = Debug|Any CPU
		{0A321A29-FAD6-4A5C-88BD-15E1A0D8B3E1}.Release|Any CPU.ActiveCfg = Release|Any CPU
		{0A321A29-FAD6-4A5C-88BD-15E1A0D8B3E1}.Release|Any CPU.Build.0 = Release|Any CPU
		{9ADD606F-8447-44C9-856A-6732DC651215}.Debug|Any CPU.ActiveCfg = Debug|Any CPU
		{9ADD606F-8447-44C9-856A-6732DC651215}.Debug|Any CPU.Build.0 = Debug|Any CPU
		{9ADD606F-8447-44C9-856A-6732DC651215}.Release|Any CPU.ActiveCfg = Release|Any CPU
		{9ADD606F-8447-44C9-856A-6732DC651215}.Release|Any CPU.Build.0 = Release|Any CPU
		{6B3EC9EE-054C-416A-91CE-BCAED2956CCE}.Debug|Any CPU.ActiveCfg = Debug|Any CPU
		{6B3EC9EE-054C-416A-91CE-BCAED2956CCE}.Debug|Any CPU.Build.0 = Debug|Any CPU
		{6B3EC9EE-054C-416A-91CE-BCAED2956CCE}.Release|Any CPU.ActiveCfg = Release|Any CPU
		{6B3EC9EE-054C-416A-91CE-BCAED2956CCE}.Release|Any CPU.Build.0 = Release|Any CPU
		{A0815013-6CE3-42FC-B0FD-EE22F33821C8}.Debug|Any CPU.ActiveCfg = Debug|Any CPU
		{A0815013-6CE3-42FC-B0FD-EE22F33821C8}.Debug|Any CPU.Build.0 = Debug|Any CPU
		{A0815013-6CE3-42FC-B0FD-EE22F33821C8}.Release|Any CPU.ActiveCfg = Release|Any CPU
		{A0815013-6CE3-42FC-B0FD-EE22F33821C8}.Release|Any CPU.Build.0 = Release|Any CPU
		{2DE82DBF-A0B7-41F7-AF49-D9DFD835E842}.Debug|Any CPU.ActiveCfg = Debug|Any CPU
		{2DE82DBF-A0B7-41F7-AF49-D9DFD835E842}.Debug|Any CPU.Build.0 = Debug|Any CPU
		{2DE82DBF-A0B7-41F7-AF49-D9DFD835E842}.Release|Any CPU.ActiveCfg = Release|Any CPU
		{2DE82DBF-A0B7-41F7-AF49-D9DFD835E842}.Release|Any CPU.Build.0 = Release|Any CPU
		{E6AE5E74-D2C5-4E19-BDF3-947A44817A1E}.Debug|Any CPU.ActiveCfg = Debug|Any CPU
		{E6AE5E74-D2C5-4E19-BDF3-947A44817A1E}.Debug|Any CPU.Build.0 = Debug|Any CPU
		{E6AE5E74-D2C5-4E19-BDF3-947A44817A1E}.Release|Any CPU.ActiveCfg = Release|Any CPU
		{E6AE5E74-D2C5-4E19-BDF3-947A44817A1E}.Release|Any CPU.Build.0 = Release|Any CPU
		{49CCA25E-64DC-4EFE-B67A-B920559B6D0C}.Debug|Any CPU.ActiveCfg = Debug|Any CPU
		{49CCA25E-64DC-4EFE-B67A-B920559B6D0C}.Debug|Any CPU.Build.0 = Debug|Any CPU
		{49CCA25E-64DC-4EFE-B67A-B920559B6D0C}.Release|Any CPU.ActiveCfg = Release|Any CPU
		{49CCA25E-64DC-4EFE-B67A-B920559B6D0C}.Release|Any CPU.Build.0 = Release|Any CPU
		{56B1F315-6643-43F6-9713-64E318586C09}.Debug|Any CPU.ActiveCfg = Debug|Any CPU
		{56B1F315-6643-43F6-9713-64E318586C09}.Debug|Any CPU.Build.0 = Debug|Any CPU
		{56B1F315-6643-43F6-9713-64E318586C09}.Release|Any CPU.ActiveCfg = Release|Any CPU
		{56B1F315-6643-43F6-9713-64E318586C09}.Release|Any CPU.Build.0 = Release|Any CPU
		{2050E5EF-2105-46D0-90BA-5179BACE7991}.Debug|Any CPU.ActiveCfg = Debug|Any CPU
		{2050E5EF-2105-46D0-90BA-5179BACE7991}.Debug|Any CPU.Build.0 = Debug|Any CPU
		{2050E5EF-2105-46D0-90BA-5179BACE7991}.Release|Any CPU.ActiveCfg = Release|Any CPU
		{2050E5EF-2105-46D0-90BA-5179BACE7991}.Release|Any CPU.Build.0 = Release|Any CPU
	EndGlobalSection
	GlobalSection(SolutionProperties) = preSolution
		HideSolutionNode = FALSE
	EndGlobalSection
	GlobalSection(NestedProjects) = preSolution
		{E5A4663C-C0CE-417C-B6F1-1F53838EC039} = {FDFD41D6-1B01-40FD-AA9D-C32D32050B02}
		{AD224683-58D4-46D0-B767-34792895CB5A} = {669CFB68-BD08-4767-BA1E-663B09E00FFA}
		{8D99D2F8-5E5D-4EA6-A378-25D85DB0589F} = {C9CB4FD5-C952-48BE-A259-3DFE9C73AB38}
		{416ADFE8-CBC8-4ECD-8932-46170BA7DFF1} = {669CFB68-BD08-4767-BA1E-663B09E00FFA}
		{5EDD4D85-2AF1-4782-A843-137B6B2E14AA} = {E4DF83BF-A475-4DB8-94F4-2FECC900BBCD}
		{FDFD41D6-1B01-40FD-AA9D-C32D32050B02} = {B35C5665-A44D-4A3F-ABFA-1AF12B79332A}
		{C9CB4FD5-C952-48BE-A259-3DFE9C73AB38} = {B35C5665-A44D-4A3F-ABFA-1AF12B79332A}
		{669CFB68-BD08-4767-BA1E-663B09E00FFA} = {845984F5-AE96-4B83-872C-3965D417DB64}
		{E4DF83BF-A475-4DB8-94F4-2FECC900BBCD} = {845984F5-AE96-4B83-872C-3965D417DB64}
		{946DC74C-4D34-46FD-9169-B441E2AE30B3} = {E4DF83BF-A475-4DB8-94F4-2FECC900BBCD}
		{4B2BC738-2DB3-489F-A186-3CE2A3B6B77F} = {C9CB4FD5-C952-48BE-A259-3DFE9C73AB38}
		{04142AB2-0662-4F82-83D4-37F3A280B1D3} = {B35C5665-A44D-4A3F-ABFA-1AF12B79332A}
		{585EF766-CCF9-49DE-A698-FF53F78E3133} = {04142AB2-0662-4F82-83D4-37F3A280B1D3}
		{3FE90C8C-C3CC-4826-8426-750BD610868C} = {845984F5-AE96-4B83-872C-3965D417DB64}
		{233F159D-F9A1-4BB5-82BD-715A046A73FB} = {3FE90C8C-C3CC-4826-8426-750BD610868C}
		{1B6BC33E-0ACC-43FB-92F9-E9276C58004B} = {B35C5665-A44D-4A3F-ABFA-1AF12B79332A}
		{A58C84A9-8DF8-438E-AD71-A5BBB7A30DF7} = {1B6BC33E-0ACC-43FB-92F9-E9276C58004B}
		{7BCFC6C9-C926-4FF1-9638-9821909D260F} = {845984F5-AE96-4B83-872C-3965D417DB64}
		{86E2864A-4D8C-438F-8BD6-AF5B7B7D99D4} = {7BCFC6C9-C926-4FF1-9638-9821909D260F}
		{3D911D68-DD63-4B59-A898-F57891223ABB} = {C9CB4FD5-C952-48BE-A259-3DFE9C73AB38}
		{0B86C291-A274-479B-A4CE-642BEE893DA3} = {B35C5665-A44D-4A3F-ABFA-1AF12B79332A}
		{975641EC-651D-4037-B9FB-9FB06BBBFD0D} = {845984F5-AE96-4B83-872C-3965D417DB64}
		{45BE3E88-D814-4CC4-B612-A236EF1CFF28} = {845984F5-AE96-4B83-872C-3965D417DB64}
		{A4386CF8-AE0E-4E4B-A61D-75152EA72450} = {0B86C291-A274-479B-A4CE-642BEE893DA3}
		{0F9EC81C-3DC3-4A33-9DA2-825069A34965} = {975641EC-651D-4037-B9FB-9FB06BBBFD0D}
		{ED3ECDB4-9E3E-4DB5-A057-D7D024C0E867} = {B35C5665-A44D-4A3F-ABFA-1AF12B79332A}
		{69BA94B9-2929-45B8-8F69-48F0AEC3B160} = {845984F5-AE96-4B83-872C-3965D417DB64}
		{9AF206A7-8976-462E-95E9-E7D6AC0E0EBD} = {ED3ECDB4-9E3E-4DB5-A057-D7D024C0E867}
		{1309A794-ED07-4FF0-8946-601890661E59} = {04142AB2-0662-4F82-83D4-37F3A280B1D3}
		{3B724517-8981-42F2-B1D7-55752E8CB234} = {04142AB2-0662-4F82-83D4-37F3A280B1D3}
		{7CB5A4E2-8A80-464D-B4BF-F6CA44971B6E} = {3FE90C8C-C3CC-4826-8426-750BD610868C}
		{49B0996A-04E4-466B-8B31-6A692E6E7D2F} = {FDFD41D6-1B01-40FD-AA9D-C32D32050B02}
		{3C551062-3904-49CB-8A71-D89F92CAE501} = {B35C5665-A44D-4A3F-ABFA-1AF12B79332A}
		{66F90348-C2A0-4A8A-B60C-BAFAF7B065A8} = {3C551062-3904-49CB-8A71-D89F92CAE501}
		{E77DA3EB-EB2B-4B0B-AC26-84692753CE96} = {845984F5-AE96-4B83-872C-3965D417DB64}
		{5B0BC9F3-5E6D-44AF-BA63-7B71535A4287} = {E77DA3EB-EB2B-4B0B-AC26-84692753CE96}
		{0A321A29-FAD6-4A5C-88BD-15E1A0D8B3E1} = {C9CB4FD5-C952-48BE-A259-3DFE9C73AB38}
		{9ADD606F-8447-44C9-856A-6732DC651215} = {C9CB4FD5-C952-48BE-A259-3DFE9C73AB38}
		{6B3EC9EE-054C-416A-91CE-BCAED2956CCE} = {0B86C291-A274-479B-A4CE-642BEE893DA3}
		{A0815013-6CE3-42FC-B0FD-EE22F33821C8} = {C9CB4FD5-C952-48BE-A259-3DFE9C73AB38}
		{2DE82DBF-A0B7-41F7-AF49-D9DFD835E842} = {C9CB4FD5-C952-48BE-A259-3DFE9C73AB38}
		{E6AE5E74-D2C5-4E19-BDF3-947A44817A1E} = {0B86C291-A274-479B-A4CE-642BEE893DA3}
		{49CCA25E-64DC-4EFE-B67A-B920559B6D0C} = {975641EC-651D-4037-B9FB-9FB06BBBFD0D}
		{56B1F315-6643-43F6-9713-64E318586C09} = {C9CB4FD5-C952-48BE-A259-3DFE9C73AB38}
		{2050E5EF-2105-46D0-90BA-5179BACE7991} = {FDFD41D6-1B01-40FD-AA9D-C32D32050B02}
	EndGlobalSection
EndGlobal
